
Microsoft Visual Studio Solution File, Format Version 12.00
# Visual Studio Version 17
VisualStudioVersion = 17.10.35013.160
MinimumVisualStudioVersion = 10.0.40219.1
Project("{FAE04EC0-301F-11D3-BF4B-00C04F79EFBC}") = "ConsoleApp9", "ConsoleApp9\ConsoleApp9.csproj", "{91600377-4407-4DA3-A73A-2C0854078AF6}"
EndProject
Global
	GlobalSection(SolutionConfigurationPlatforms) = preSolution
		Debug|Any CPU = Debug|Any CPU
		Release|Any CPU = Release|Any CPU
	EndGlobalSection
	GlobalSection(ProjectConfigurationPlatforms) = postSolution
		{91600377-4407-4DA3-A73A-2C0854078AF6}.Debug|Any CPU.ActiveCfg = Debug|Any CPU
		{91600377-4407-4DA3-A73A-2C0854078AF6}.Debug|Any CPU.Build.0 = Debug|Any CPU
		{91600377-4407-4DA3-A73A-2C0854078AF6}.Release|Any CPU.ActiveCfg = Release|Any CPU
		{91600377-4407-4DA3-A73A-2C0854078AF6}.Release|Any CPU.Build.0 = Release|Any CPU
	EndGlobalSection
	GlobalSection(SolutionProperties) = preSolution
		HideSolutionNode = FALSE
	EndGlobalSection
	GlobalSection(ExtensibilityGlobals) = postSolution
		SolutionGuid = {5A38DF84-5907-469F-817C-4CEF7C471EDF}
	EndGlobalSection
EndGlobal
